// !$*UTF8*$!
{
	archiveVersion = 1;
	classes = {
	};
	objectVersion = 56;
	objects = {

/* Begin PBXFileReference section */
		244418C22C1EE579002DFD08 /* 1-2_100SwiftUI.playground */ = {isa = PBXFileReference; lastKnownFileType = file.playground; path = "1-2_100SwiftUI.playground"; sourceTree = "<group>"; xcLanguageSpecificationIdentifier = xcode.lang.swift; };
		244418C42C1EE85A002DFD08 /* 3-4_100SwiftUI.playground */ = {isa = PBXFileReference; lastKnownFileType = file.playground; path = "3-4_100SwiftUI.playground"; sourceTree = "<group>"; xcLanguageSpecificationIdentifier = xcode.lang.swift; };
		24F39BC02C1F350200363EFB /* 5-6_100SwiftUI.playground */ = {isa = PBXFileReference; lastKnownFileType = file.playground; path = "5-6_100SwiftUI.playground"; sourceTree = "<group>"; xcLanguageSpecificationIdentifier = xcode.lang.swift; };
/* End PBXFileReference section */

/* Begin PBXGroup section */
		244418BB2C1EE4F6002DFD08 = {
			isa = PBXGroup;
			children = (
				24F39BC02C1F350200363EFB /* 5-6_100SwiftUI.playground */,
				244418C42C1EE85A002DFD08 /* 3-4_100SwiftUI.playground */,
				244418C22C1EE579002DFD08 /* 1-2_100SwiftUI.playground */,
			);
			sourceTree = "<group>";
		};
/* End PBXGroup section */

/* Begin PBXProject section */
		244418BC2C1EE4F6002DFD08 /* Project object */ = {
			isa = PBXProject;
			attributes = {
				BuildIndependentTargetsInParallel = 1;
				LastUpgradeCheck = 1540;
			};
			buildConfigurationList = 244418BF2C1EE4F6002DFD08 /* Build configuration list for PBXProject "100DaysSwiftUI" */;
			compatibilityVersion = "Xcode 14.0";
			developmentRegion = en;
			hasScannedForEncodings = 0;
			knownRegions = (
				en,
				Base,
			);
			mainGroup = 244418BB2C1EE4F6002DFD08;
			projectDirPath = "";
			projectRoot = "";
			targets = (
			);
		};
/* End PBXProject section */

/* Begin XCBuildConfiguration section */
		244418C02C1EE4F6002DFD08 /* Debug */ = {
			isa = XCBuildConfiguration;
			buildSettings = {
			};
			name = Debug;
		};
		244418C12C1EE4F6002DFD08 /* Release */ = {
			isa = XCBuildConfiguration;
			buildSettings = {
			};
			name = Release;
		};
/* End XCBuildConfiguration section */

/* Begin XCConfigurationList section */
		244418BF2C1EE4F6002DFD08 /* Build configuration list for PBXProject "100DaysSwiftUI" */ = {
			isa = XCConfigurationList;
			buildConfigurations = (
				244418C02C1EE4F6002DFD08 /* Debug */,
				244418C12C1EE4F6002DFD08 /* Release */,
			);
			defaultConfigurationIsVisible = 0;
			defaultConfigurationName = Release;
		};
/* End XCConfigurationList section */
	};
	rootObject = 244418BC2C1EE4F6002DFD08 /* Project object */;
}
